<?xml version="1.0" encoding="utf-8"?>
<Project ToolsVersion="4.0" xmlns="http://schemas.microsoft.com/developer/msbuild/2003">
  <ItemGroup>
    <ClCompile Include="..\..\Lwm2m_Lib\block1.c" />
    <ClCompile Include="..\..\Lwm2m_Lib\bootstrap.c" />
    <ClCompile Include="..\..\Lwm2m_Lib\commandline.c" />
    <ClCompile Include="..\..\Lwm2m_Lib\connection.c" />
    <ClCompile Include="..\..\Lwm2m_Lib\data.c" />
    <ClCompile Include="..\..\Lwm2m_Lib\discover.c" />
    <ClCompile Include="..\..\Lwm2m_Lib\dtlsconnection.c" />
    <ClCompile Include="..\..\Lwm2m_Lib\er-coap-13\er-coap-13.c" />
    <ClCompile Include="..\..\Lwm2m_Lib\json.c" />
    <ClCompile Include="..\..\Lwm2m_Lib\liblwm2m.c" />
    <ClCompile Include="..\..\Lwm2m_Lib\list.c" />
    <ClCompile Include="..\..\Lwm2m_Lib\lwm2mclient.c" />
    <ClCompile Include="..\..\Lwm2m_Lib\management.c" />
    <ClCompile Include="..\..\Lwm2m_Lib\memtrace.c" />
    <ClCompile Include="..\..\Lwm2m_Lib\objects.c" />
    <ClCompile Include="..\..\Lwm2m_Lib\object_access_control.c" />
    <ClCompile Include="..\..\Lwm2m_Lib\object_connectivity_moni.c" />
    <ClCompile Include="..\..\Lwm2m_Lib\object_connectivity_stat.c" />
    <ClCompile Include="..\..\Lwm2m_Lib\object_device.c" />
    <ClCompile Include="..\..\Lwm2m_Lib\object_firmware.c" />
    <ClCompile Include="..\..\Lwm2m_Lib\object_location.c" />
    <ClCompile Include="..\..\Lwm2m_Lib\object_security.c" />
    <ClCompile Include="..\..\Lwm2m_Lib\object_server.c" />
    <ClCompile Include="..\..\Lwm2m_Lib\observe.c" />
    <ClCompile Include="..\..\Lwm2m_Lib\packet.c" />
    <ClCompile Include="..\..\Lwm2m_Lib\platform.c" />
    <ClCompile Include="..\..\Lwm2m_Lib\plc_30000.c" />
    <ClCompile Include="..\..\Lwm2m_Lib\plc_30001.c" />
    <ClCompile Include="..\..\Lwm2m_Lib\plc_30002.c" />
    <ClCompile Include="..\..\Lwm2m_Lib\plc_30003.c" />
    <ClCompile Include="..\..\Lwm2m_Lib\plc_30004.c" />
    <ClCompile Include="..\..\Lwm2m_Lib\plc_30005.c" />
    <ClCompile Include="..\..\Lwm2m_Lib\plc_30006.c" />
    <ClCompile Include="..\..\Lwm2m_Lib\plc_30007.c" />
    <ClCompile Include="..\..\Lwm2m_Lib\plc_30008.c" />
    <ClCompile Include="..\..\Lwm2m_Lib\plc_30009.c" />
    <ClCompile Include="..\..\Lwm2m_Lib\plc_30010.c" />
    <ClCompile Include="..\..\Lwm2m_Lib\plc_30011.c" />
    <ClCompile Include="..\..\Lwm2m_Lib\plc_30012.c" />
    <ClCompile Include="..\..\Lwm2m_Lib\poll.c" />
    <ClCompile Include="..\..\Lwm2m_Lib\registration.c" />
    <ClCompile Include="..\..\Lwm2m_Lib\system_api.c" />
    <ClCompile Include="..\..\Lwm2m_Lib\tinydtls\aes\rijndael.c" />
    <ClCompile Include="..\..\Lwm2m_Lib\tinydtls\ccm.c" />
    <ClCompile Include="..\..\Lwm2m_Lib\tinydtls\crypto.c" />
    <ClCompile Include="..\..\Lwm2m_Lib\tinydtls\dtls.c" />
    <ClCompile Include="..\..\Lwm2m_Lib\tinydtls\dtls_debug.c" />
    <ClCompile Include="..\..\Lwm2m_Lib\tinydtls\dtls_time.c" />
    <ClCompile Include="..\..\Lwm2m_Lib\tinydtls\ecc\ecc.c" />
    <ClCompile Include="..\..\Lwm2m_Lib\tinydtls\hmac.c" />
    <ClCompile Include="..\..\Lwm2m_Lib\tinydtls\netq.c" />
    <ClCompile Include="..\..\Lwm2m_Lib\tinydtls\peer.c" />
    <ClCompile Include="..\..\Lwm2m_Lib\tinydtls\session.c" />
    <ClCompile Include="..\..\Lwm2m_Lib\tinydtls\sha2\sha2.c" />
    <ClCompile Include="..\..\Lwm2m_Lib\tlv.c" />
    <ClCompile Include="..\..\Lwm2m_Lib\transaction.c" />
    <ClCompile Include="..\..\Lwm2m_Lib\uri.c" />
    <ClCompile Include="..\..\Lwm2m_Lib\Utilities.c" />
    <ClCompile Include="..\..\Lwm2m_Lib\utils.c" />
  </ItemGroup>
  <ItemGroup>
    <ClInclude Include="..\..\Lwm2m_Lib\commandline.h" />
    <ClInclude Include="..\..\Lwm2m_Lib\connection.h" />
    <ClInclude Include="..\..\Lwm2m_Lib\dtlsconnection.h" />
    <ClInclude Include="..\..\Lwm2m_Lib\er-coap-13\er-coap-13.h" />
    <ClInclude Include="..\..\Lwm2m_Lib\internals.h" />
    <ClInclude Include="..\..\Lwm2m_Lib\liblwm2m.h" />
    <ClInclude Include="..\..\Lwm2m_Lib\lwm2mclient.h" />
    <ClInclude Include="..\..\Lwm2m_Lib\tinydtls\aes\rijndael.h" />
    <ClInclude Include="..\..\Lwm2m_Lib\tinydtls\alert.h" />
    <ClInclude Include="..\..\Lwm2m_Lib\tinydtls\ccm.h" />
    <ClInclude Include="..\..\Lwm2m_Lib\tinydtls\crypto.h" />
    <ClInclude Include="..\..\Lwm2m_Lib\tinydtls\dtls.h" />
    <ClInclude Include="..\..\Lwm2m_Lib\tinydtls\dtls_config.h" />
    <ClInclude Include="..\..\Lwm2m_Lib\tinydtls\dtls_debug.h" />
    <ClInclude Include="..\..\Lwm2m_Lib\tinydtls\dtls_time.h" />
    <ClInclude Include="..\..\Lwm2m_Lib\tinydtls\ecc\ecc.h" />
    <ClInclude Include="..\..\Lwm2m_Lib\tinydtls\global.h" />
    <ClInclude Include="..\..\Lwm2m_Lib\tinydtls\hmac.h" />
    <ClInclude Include="..\..\Lwm2m_Lib\tinydtls\netq.h" />
    <ClInclude Include="..\..\Lwm2m_Lib\tinydtls\numeric.h" />
    <ClInclude Include="..\..\Lwm2m_Lib\tinydtls\peer.h" />
    <ClInclude Include="..\..\Lwm2m_Lib\tinydtls\prng.h" />
    <ClInclude Include="..\..\Lwm2m_Lib\tinydtls\session.h" />
    <ClInclude Include="..\..\Lwm2m_Lib\tinydtls\sha2\sha2.h" />
    <ClInclude Include="..\..\Lwm2m_Lib\tinydtls\state.h" />
    <ClInclude Include="..\..\Lwm2m_Lib\tinydtls\tinydtls.h" />
    <ClInclude Include="..\..\Lwm2m_Lib\tinydtls\uthash.h" />
    <ClInclude Include="..\..\Lwm2m_Lib\tinydtls\utlist.h" />
    <ClInclude Include="..\..\Lwm2m_Lib\Utilities.h" />
  </ItemGroup>
</Project>