
Microsoft Visual Studio Solution File, Format Version 12.00
# Visual Studio 15
VisualStudioVersion = 15.0.27703.2035
MinimumVisualStudioVersion = 10.0.40219.1
Project("{8BC9CEB8-8B4A-11D0-8D11-00A0C91BC942}") = "Pressure_Sensor_V2", "Pressure_Sensor\Pressure_Sensor.vcxproj", "{67BBEA0F-D737-4EE0-981A-96917DFC1986}"
EndProject
Global
	GlobalSection(SolutionConfigurationPlatforms) = preSolution
		Debug|ARM = Debug|ARM
		Debug|x64 = Debug|x64
		Debug|x86 = Debug|x86
		Release|ARM = Release|ARM
		Release|x64 = Release|x64
		Release|x86 = Release|x86
	EndGlobalSection
	GlobalSection(ProjectConfigurationPlatforms) = postSolution
		{67BBEA0F-D737-4EE0-981A-96917DFC1986}.Debug|ARM.ActiveCfg = Debug|ARM
		{67BBEA0F-D737-4EE0-981A-96917DFC1986}.Debug|ARM.Build.0 = Debug|ARM
		{67BBEA0F-D737-4EE0-981A-96917DFC1986}.Debug|x64.ActiveCfg = Debug|x64
		{67BBEA0F-D737-4EE0-981A-96917DFC1986}.Debug|x64.Build.0 = Debug|x64
		{67BBEA0F-D737-4EE0-981A-96917DFC1986}.Debug|x86.ActiveCfg = Debug|x86
		{67BBEA0F-D737-4EE0-981A-96917DFC1986}.Debug|x86.Build.0 = Debug|x86
		{67BBEA0F-D737-4EE0-981A-96917DFC1986}.Release|ARM.ActiveCfg = Release|ARM
		{67BBEA0F-D737-4EE0-981A-96917DFC1986}.Release|ARM.Build.0 = Release|ARM
		{67BBEA0F-D737-4EE0-981A-96917DFC1986}.Release|x64.ActiveCfg = Release|x64
		{67BBEA0F-D737-4EE0-981A-96917DFC1986}.Release|x64.Build.0 = Release|x64
		{67BBEA0F-D737-4EE0-981A-96917DFC1986}.Release|x86.ActiveCfg = Release|x86
		{67BBEA0F-D737-4EE0-981A-96917DFC1986}.Release|x86.Build.0 = Release|x86
	EndGlobalSection
	GlobalSection(SolutionProperties) = preSolution
		HideSolutionNode = FALSE
	EndGlobalSection
	GlobalSection(ExtensibilityGlobals) = postSolution
		SolutionGuid = {85677495-1D25-437F-AA7B-FC9D35F3A95D}
	EndGlobalSection
EndGlobal
